
Microsoft Visual Studio Solution File, Format Version 12.00
# Visual Studio Version 17
VisualStudioVersion = 17.0.31903.59
MinimumVisualStudioVersion = 10.0.40219.1
Project("{FAE04EC0-301F-11D3-BF4B-00C04F79EFBC}") = "Quadro.Core.Domain", "Quadro.Core.Domain\Quadro.Core.Domain.csproj", "{2AC0CBED-8C35-4840-903E-1C12C6DC728A}"
EndProject
Project("{FAE04EC0-301F-11D3-BF4B-00C04F79EFBC}") = "Quadro.Core.Infrastructure", "Quadro.Core.Infrastructure\Quadro.Core.Infrastructure.csproj", "{711650E5-C01B-45C8-BD46-44E9CCCB7455}"
EndProject
Global
	GlobalSection(SolutionConfigurationPlatforms) = preSolution
		Debug|Any CPU = Debug|Any CPU
		Release|Any CPU = Release|Any CPU
	EndGlobalSection
	GlobalSection(SolutionProperties) = preSolution
		HideSolutionNode = FALSE
	EndGlobalSection
	GlobalSection(ProjectConfigurationPlatforms) = postSolution
		{2AC0CBED-8C35-4840-903E-1C12C6DC728A}.Debug|Any CPU.ActiveCfg = Debug|Any CPU
		{2AC0CBED-8C35-4840-903E-1C12C6DC728A}.Debug|Any CPU.Build.0 = Debug|Any CPU
		{2AC0CBED-8C35-4840-903E-1C12C6DC728A}.Release|Any CPU.ActiveCfg = Release|Any CPU
		{2AC0CBED-8C35-4840-903E-1C12C6DC728A}.Release|Any CPU.Build.0 = Release|Any CPU
		{711650E5-C01B-45C8-BD46-44E9CCCB7455}.Debug|Any CPU.ActiveCfg = Debug|Any CPU
		{711650E5-C01B-45C8-BD46-44E9CCCB7455}.Debug|Any CPU.Build.0 = Debug|Any CPU
		{711650E5-C01B-45C8-BD46-44E9CCCB7455}.Release|Any CPU.ActiveCfg = Release|Any CPU
		{711650E5-C01B-45C8-BD46-44E9CCCB7455}.Release|Any CPU.Build.0 = Release|Any CPU
	EndGlobalSection
EndGlobal
